schema: '2.0'
stages:
  data_injection:
    cmd: python src/data/data_injection.py
    deps:
    - path: src/configuration/config.py
      hash: md5
      md5: 403772f1a1aac692b23e0ef757b05255
      size: 4042
    - path: src/constants/__init__.py
      hash: md5
      md5: e99d8171b389bc9ad95234cc36e7fb92
      size: 1212
    - path: src/data/data_injection.py
      hash: md5
      md5: a855894e9a49bcbb525ec24dc93ffb64
      size: 2885
    - path: src/exception/__init__.py
      hash: md5
      md5: 61c545aeee004e43a1b8bd31d63928b6
      size: 943
    - path: src/logger/__init__.py
      hash: md5
      md5: 3b12d518c554bfffbbada82bbc5e24f7
      size: 568
    outs:
    - path: data/raw/
      hash: md5
      md5: 9cc5ae17ca9305e0c2e706c6c4a90c77.dir
      size: 3762869
      nfiles: 3
  data_validation:
    cmd: python src/data/data_validation.py
    deps:
    - path: config/schema.yaml
      hash: md5
      md5: a5660e68708687ce1f9516b6b26fec98
      size: 1067
    - path: src/configuration/config.py
      hash: md5
      md5: 403772f1a1aac692b23e0ef757b05255
      size: 4042
    - path: src/constants/__init__.py
      hash: md5
      md5: e99d8171b389bc9ad95234cc36e7fb92
      size: 1212
    - path: src/data/data_injection.py
      hash: md5
      md5: a855894e9a49bcbb525ec24dc93ffb64
      size: 2885
    - path: src/data/data_validation.py
      hash: md5
      md5: c2e2172c30fe3b87f038fbc4fb481a25
      size: 6015
    - path: src/exception/__init__.py
      hash: md5
      md5: 61c545aeee004e43a1b8bd31d63928b6
      size: 943
    - path: src/logger/__init__.py
      hash: md5
      md5: 3b12d518c554bfffbbada82bbc5e24f7
      size: 568
    outs:
    - path: data/data_validation/
      hash: md5
      md5: 679e2e8fd1aa6f0351663df6722ee869.dir
      size: 29
      nfiles: 1
  data_transformation:
    cmd: python src/data/data_preprocessing.py
    deps:
    - path: config/schema.yaml
      hash: md5
      md5: a5660e68708687ce1f9516b6b26fec98
      size: 1067
    - path: src/configuration/config.py
      hash: md5
      md5: 403772f1a1aac692b23e0ef757b05255
      size: 4042
    - path: src/constants/__init__.py
      hash: md5
      md5: e99d8171b389bc9ad95234cc36e7fb92
      size: 1212
    - path: src/data/data_injection.py
      hash: md5
      md5: a855894e9a49bcbb525ec24dc93ffb64
      size: 2885
    - path: src/data/data_preprocessing.py
      hash: md5
      md5: 4671146be9a4999baf99ecaecf3d2426
      size: 6895
    - path: src/data/data_validation.py
      hash: md5
      md5: c2e2172c30fe3b87f038fbc4fb481a25
      size: 6015
    - path: src/exception/__init__.py
      hash: md5
      md5: 61c545aeee004e43a1b8bd31d63928b6
      size: 943
    - path: src/logger/__init__.py
      hash: md5
      md5: 3b12d518c554bfffbbada82bbc5e24f7
      size: 568
    outs:
    - path: data/preprocessed/
      hash: md5
      md5: 20d74bbfbc146d1020538f7c23fb718f.dir
      size: 1589850
      nfiles: 2
  model_training:
    cmd: python src/models/model_training.py
    deps:
    - path: config/schema.yaml
      hash: md5
      md5: a5660e68708687ce1f9516b6b26fec98
      size: 1067
    - path: src/configuration/config.py
      hash: md5
      md5: 403772f1a1aac692b23e0ef757b05255
      size: 4042
    - path: src/constants/__init__.py
      hash: md5
      md5: e99d8171b389bc9ad95234cc36e7fb92
      size: 1212
    - path: src/data/data_injection.py
      hash: md5
      md5: a855894e9a49bcbb525ec24dc93ffb64
      size: 2885
    - path: src/data/data_preprocessing.py
      hash: md5
      md5: 4671146be9a4999baf99ecaecf3d2426
      size: 6895
    - path: src/data/data_validation.py
      hash: md5
      md5: c2e2172c30fe3b87f038fbc4fb481a25
      size: 6015
    - path: src/exception/__init__.py
      hash: md5
      md5: 61c545aeee004e43a1b8bd31d63928b6
      size: 943
    - path: src/logger/__init__.py
      hash: md5
      md5: 3b12d518c554bfffbbada82bbc5e24f7
      size: 568
    - path: src/models/model_training.py
      hash: md5
      md5: 9d57c485be1ddb256c0bd0f53efa5958
      size: 3115
    outs:
    - path: reports/
      hash: md5
      md5: 53ecd82e288b1d766015697093947697.dir
      size: 1251
      nfiles: 3
  register_model:
    cmd: python src/models/register_model.py
    deps:
    - path: config/schema.yaml
      hash: md5
      md5: a5660e68708687ce1f9516b6b26fec98
      size: 1067
    - path: reports/
      hash: md5
      md5: cef3683d287eb1528057317a87fb9c31.dir
      size: 1246
      nfiles: 3
    - path: src/configuration/config.py
      hash: md5
      md5: 47cb9a997cf9fc4f348f80b5dc5bf1ca
      size: 3523
    - path: src/constants/__init__.py
      hash: md5
      md5: 08645557fb5d2b4bee299abb5e3bbed7
      size: 1185
    - path: src/data/data_injection.py
      hash: md5
      md5: d6c8d133dbd8426d1375a53b3bf5b9ec
      size: 1486
    - path: src/data/data_preprocessing.py
      hash: md5
      md5: 4671146be9a4999baf99ecaecf3d2426
      size: 6895
    - path: src/data/data_validation.py
      hash: md5
      md5: c2e2172c30fe3b87f038fbc4fb481a25
      size: 6015
    - path: src/exception/__init__.py
      hash: md5
      md5: 61c545aeee004e43a1b8bd31d63928b6
      size: 943
    - path: src/logger/__init__.py
      hash: md5
      md5: 9ed3123c693209648be314b17311d447
      size: 586
    - path: src/models/model_training.py
      hash: md5
      md5: d4233f3b8bfe76269530f7dbb61988b9
      size: 2464
    - path: src/models/register_model.py
      hash: md5
      md5: 935916d3ae8e0e1c92e8031740fcbe74
      size: 987
  model_stage_transfer:
    cmd: python src/models/model_transaction.py
    deps:
    - path: config/schema.yaml
      hash: md5
      md5: a5660e68708687ce1f9516b6b26fec98
      size: 1067
    - path: reports/
      hash: md5
      md5: cef3683d287eb1528057317a87fb9c31.dir
      size: 1246
      nfiles: 3
    - path: src/configuration/config.py
      hash: md5
      md5: 47cb9a997cf9fc4f348f80b5dc5bf1ca
      size: 3523
    - path: src/constants/__init__.py
      hash: md5
      md5: 08645557fb5d2b4bee299abb5e3bbed7
      size: 1185
    - path: src/data/data_injection.py
      hash: md5
      md5: d6c8d133dbd8426d1375a53b3bf5b9ec
      size: 1486
    - path: src/data/data_preprocessing.py
      hash: md5
      md5: 4671146be9a4999baf99ecaecf3d2426
      size: 6895
    - path: src/data/data_validation.py
      hash: md5
      md5: c2e2172c30fe3b87f038fbc4fb481a25
      size: 6015
    - path: src/exception/__init__.py
      hash: md5
      md5: 61c545aeee004e43a1b8bd31d63928b6
      size: 943
    - path: src/logger/__init__.py
      hash: md5
      md5: 9ed3123c693209648be314b17311d447
      size: 586
    - path: src/models/model_training.py
      hash: md5
      md5: d4233f3b8bfe76269530f7dbb61988b9
      size: 2464
    - path: src/models/model_transaction.py
      hash: md5
      md5: 1a6b8230b15d56c3e566ee9e8233c102
      size: 986
    - path: src/models/register_model.py
      hash: md5
      md5: 935916d3ae8e0e1c92e8031740fcbe74
      size: 987
  model_inference:
    cmd: python src\models\model_inference.py
    deps:
    - path: config/schema.yaml
      hash: md5
      md5: a5660e68708687ce1f9516b6b26fec98
      size: 1067
    - path: reports/
      hash: md5
      md5: cef3683d287eb1528057317a87fb9c31.dir
      size: 1246
      nfiles: 3
    - path: src/configuration/config.py
      hash: md5
      md5: 47cb9a997cf9fc4f348f80b5dc5bf1ca
      size: 3523
    - path: src/constants/__init__.py
      hash: md5
      md5: 08645557fb5d2b4bee299abb5e3bbed7
      size: 1185
    - path: src/data/data_injection.py
      hash: md5
      md5: d6c8d133dbd8426d1375a53b3bf5b9ec
      size: 1486
    - path: src/data/data_preprocessing.py
      hash: md5
      md5: 4671146be9a4999baf99ecaecf3d2426
      size: 6895
    - path: src/data/data_validation.py
      hash: md5
      md5: c2e2172c30fe3b87f038fbc4fb481a25
      size: 6015
    - path: src/exception/__init__.py
      hash: md5
      md5: 61c545aeee004e43a1b8bd31d63928b6
      size: 943
    - path: src/logger/__init__.py
      hash: md5
      md5: 9ed3123c693209648be314b17311d447
      size: 586
    - path: src/models/model_inference.py
      hash: md5
      md5: 8961b1192630539eb4bd965447e5fb80
      size: 2025
    - path: src/models/model_training.py
      hash: md5
      md5: d4233f3b8bfe76269530f7dbb61988b9
      size: 2464
    - path: src/models/model_transaction.py
      hash: md5
      md5: 1a6b8230b15d56c3e566ee9e8233c102
      size: 986
    - path: src/models/register_model.py
      hash: md5
      md5: 935916d3ae8e0e1c92e8031740fcbe74
      size: 987
