schema: '2.0'
stages:
  data_injection:
    cmd: python src/data/data_injection.py
    deps:
    - path: src/configuration/config.py
      hash: md5
      md5: 61fcd9089176029ac30373097a9b4de0
      size: 2532
    - path: src/constants/__init__.py
      hash: md5
      md5: 97163b24a9b4030129a0c3c4c6a6a13e
      size: 1180
    - path: src/data/data_injection.py
      hash: md5
      md5: 55045365a5d8d486fde12dc19b62b02d
      size: 1532
    - path: src/exception/__init__.py
      hash: md5
      md5: 702ffdb8b43775375d093b1eedce434b
      size: 928
    - path: src/logger/__init__.py
      hash: md5
      md5: 7441f85fc83a7148bdf9ed90e60f3a60
      size: 584
    outs:
    - path: data/raw/
      hash: md5
      md5: 9cc5ae17ca9305e0c2e706c6c4a90c77.dir
      size: 3762869
      nfiles: 3
  data_validation:
    cmd: python src/data/data_validation.py
    deps:
    - path: config/schema.yaml
      hash: md5
      md5: a5660e68708687ce1f9516b6b26fec98
      size: 1067
    - path: src/configuration/config.py
      hash: md5
      md5: 61fcd9089176029ac30373097a9b4de0
      size: 2532
    - path: src/constants/__init__.py
      hash: md5
      md5: 97163b24a9b4030129a0c3c4c6a6a13e
      size: 1180
    - path: src/data/data_injection.py
      hash: md5
      md5: 55045365a5d8d486fde12dc19b62b02d
      size: 1532
    - path: src/data/data_validation.py
      hash: md5
      md5: 8e9e338420236544c0e59e89c69116c9
      size: 5983
    - path: src/exception/__init__.py
      hash: md5
      md5: 702ffdb8b43775375d093b1eedce434b
      size: 928
    - path: src/logger/__init__.py
      hash: md5
      md5: 7441f85fc83a7148bdf9ed90e60f3a60
      size: 584
    outs:
    - path: data/data_validation/
      hash: md5
      md5: 47c39bc5721a774c59d143b24939b93a.dir
      size: 29
      nfiles: 1
  data_transformation:
    cmd: python src/data/data_preprocessing.py
    deps:
    - path: config/schema.yaml
      hash: md5
      md5: a5660e68708687ce1f9516b6b26fec98
      size: 1067
    - path: src/configuration/config.py
      hash: md5
      md5: 61fcd9089176029ac30373097a9b4de0
      size: 2532
    - path: src/constants/__init__.py
      hash: md5
      md5: 97163b24a9b4030129a0c3c4c6a6a13e
      size: 1180
    - path: src/data/data_injection.py
      hash: md5
      md5: 55045365a5d8d486fde12dc19b62b02d
      size: 1532
    - path: src/data/data_preprocessing.py
      hash: md5
      md5: 3769f46f2567c7544b139fdbd2133d74
      size: 5747
    - path: src/data/data_validation.py
      hash: md5
      md5: 8e9e338420236544c0e59e89c69116c9
      size: 5983
    - path: src/exception/__init__.py
      hash: md5
      md5: 702ffdb8b43775375d093b1eedce434b
      size: 928
    - path: src/logger/__init__.py
      hash: md5
      md5: 7441f85fc83a7148bdf9ed90e60f3a60
      size: 584
    outs:
    - path: data/preprocessed/
      hash: md5
      md5: d816f797d61a942490c0594aa820e5e2.dir
      size: 1595575
      nfiles: 3
  model_training:
    cmd: python src/models/model_training.py
    deps:
    - path: config/schema.yaml
      hash: md5
      md5: a5660e68708687ce1f9516b6b26fec98
      size: 1067
    - path: src/configuration/config.py
      hash: md5
      md5: 61fcd9089176029ac30373097a9b4de0
      size: 2532
    - path: src/constants/__init__.py
      hash: md5
      md5: 97163b24a9b4030129a0c3c4c6a6a13e
      size: 1180
    - path: src/data/data_injection.py
      hash: md5
      md5: 55045365a5d8d486fde12dc19b62b02d
      size: 1532
    - path: src/data/data_preprocessing.py
      hash: md5
      md5: 3769f46f2567c7544b139fdbd2133d74
      size: 5747
    - path: src/data/data_validation.py
      hash: md5
      md5: 8e9e338420236544c0e59e89c69116c9
      size: 5983
    - path: src/exception/__init__.py
      hash: md5
      md5: 702ffdb8b43775375d093b1eedce434b
      size: 928
    - path: src/logger/__init__.py
      hash: md5
      md5: 7441f85fc83a7148bdf9ed90e60f3a60
      size: 584
    - path: src/models/model_training.py
      hash: md5
      md5: 9efb47890a3127211e505164592862ac
      size: 2059
    outs:
    - path: reports/
      hash: md5
      md5: 575c9f47df21c2aa5b0187392b3e9232.dir
      size: 1249
      nfiles: 3
  register_model:
    cmd: python src/models/register_model.py
    deps:
    - path: config/schema.yaml
      hash: md5
      md5: a5660e68708687ce1f9516b6b26fec98
      size: 1067
    - path: reports/
      hash: md5
      md5: 575c9f47df21c2aa5b0187392b3e9232.dir
      size: 1249
      nfiles: 3
    - path: src/configuration/config.py
      hash: md5
      md5: 61fcd9089176029ac30373097a9b4de0
      size: 2532
    - path: src/constants/__init__.py
      hash: md5
      md5: 97163b24a9b4030129a0c3c4c6a6a13e
      size: 1180
    - path: src/data/data_injection.py
      hash: md5
      md5: 55045365a5d8d486fde12dc19b62b02d
      size: 1532
    - path: src/data/data_preprocessing.py
      hash: md5
      md5: 3769f46f2567c7544b139fdbd2133d74
      size: 5747
    - path: src/data/data_validation.py
      hash: md5
      md5: 8e9e338420236544c0e59e89c69116c9
      size: 5983
    - path: src/exception/__init__.py
      hash: md5
      md5: 702ffdb8b43775375d093b1eedce434b
      size: 928
    - path: src/logger/__init__.py
      hash: md5
      md5: 7441f85fc83a7148bdf9ed90e60f3a60
      size: 584
    - path: src/models/model_training.py
      hash: md5
      md5: 9efb47890a3127211e505164592862ac
      size: 2059
    - path: src/models/register_model.py
      hash: md5
      md5: 5e06ddeac4ef055942bdc2c010740492
      size: 882
  model_stage_transfer:
    cmd: python src/models/model_transaction.py
    deps:
    - path: config/schema.yaml
      hash: md5
      md5: a5660e68708687ce1f9516b6b26fec98
      size: 1067
    - path: reports/
      hash: md5
      md5: 575c9f47df21c2aa5b0187392b3e9232.dir
      size: 1249
      nfiles: 3
    - path: src/configuration/config.py
      hash: md5
      md5: 61fcd9089176029ac30373097a9b4de0
      size: 2532
    - path: src/constants/__init__.py
      hash: md5
      md5: 97163b24a9b4030129a0c3c4c6a6a13e
      size: 1180
    - path: src/data/data_injection.py
      hash: md5
      md5: 55045365a5d8d486fde12dc19b62b02d
      size: 1532
    - path: src/data/data_preprocessing.py
      hash: md5
      md5: 3769f46f2567c7544b139fdbd2133d74
      size: 5747
    - path: src/data/data_validation.py
      hash: md5
      md5: 8e9e338420236544c0e59e89c69116c9
      size: 5983
    - path: src/exception/__init__.py
      hash: md5
      md5: 702ffdb8b43775375d093b1eedce434b
      size: 928
    - path: src/logger/__init__.py
      hash: md5
      md5: 7441f85fc83a7148bdf9ed90e60f3a60
      size: 584
    - path: src/models/model_training.py
      hash: md5
      md5: 9efb47890a3127211e505164592862ac
      size: 2059
    - path: src/models/model_transaction.py
      hash: md5
      md5: 471ea067e927c2913b2d8b8c0d6c7bfe
      size: 888
    - path: src/models/register_model.py
      hash: md5
      md5: 5e06ddeac4ef055942bdc2c010740492
      size: 882
  model_inference:
    cmd: python src\models\model_inference.py
    deps:
    - path: config/schema.yaml
      hash: md5
      md5: a5660e68708687ce1f9516b6b26fec98
      size: 1067
    - path: reports/
      hash: md5
      md5: 575c9f47df21c2aa5b0187392b3e9232.dir
      size: 1249
      nfiles: 3
    - path: src/configuration/config.py
      hash: md5
      md5: 61fcd9089176029ac30373097a9b4de0
      size: 2532
    - path: src/constants/__init__.py
      hash: md5
      md5: 97163b24a9b4030129a0c3c4c6a6a13e
      size: 1180
    - path: src/data/data_injection.py
      hash: md5
      md5: 55045365a5d8d486fde12dc19b62b02d
      size: 1532
    - path: src/data/data_preprocessing.py
      hash: md5
      md5: 3769f46f2567c7544b139fdbd2133d74
      size: 5747
    - path: src/data/data_validation.py
      hash: md5
      md5: 8e9e338420236544c0e59e89c69116c9
      size: 5983
    - path: src/exception/__init__.py
      hash: md5
      md5: 702ffdb8b43775375d093b1eedce434b
      size: 928
    - path: src/logger/__init__.py
      hash: md5
      md5: 7441f85fc83a7148bdf9ed90e60f3a60
      size: 584
    - path: src/models/model_inference.py
      hash: md5
      md5: 29748fb6259720aa16944d0ab74f5d26
      size: 1831
    - path: src/models/model_training.py
      hash: md5
      md5: 9efb47890a3127211e505164592862ac
      size: 2059
    - path: src/models/model_transaction.py
      hash: md5
      md5: 471ea067e927c2913b2d8b8c0d6c7bfe
      size: 888
    - path: src/models/register_model.py
      hash: md5
      md5: 5e06ddeac4ef055942bdc2c010740492
      size: 882
